
Microsoft Visual Studio Solution File, Format Version 12.00
# Visual Studio Version 17
VisualStudioVersion = 17.3.32922.545
MinimumVisualStudioVersion = 10.0.40219.1
Project("{FAE04EC0-301F-11D3-BF4B-00C04F79EFBC}") = "CursoWindowsForms", "CursoWindowsForms\CursoWindowsForms.csproj", "{63C02FFF-38C5-4F73-91F5-93FBD91E3705}"
EndProject
Project("{FAE04EC0-301F-11D3-BF4B-00C04F79EFBC}") = "CursoWindowsFormsBiblioteca", "CursoWindowsFormsBiblioteca\CursoWindowsFormsBiblioteca.csproj", "{CEFAC113-5E9D-4274-A177-3E8CFBC53981}"
EndProject
Global
	GlobalSection(SolutionConfigurationPlatforms) = preSolution
		Debug|Any CPU = Debug|Any CPU
		Release|Any CPU = Release|Any CPU
	EndGlobalSection
	GlobalSection(ProjectConfigurationPlatforms) = postSolution
		{63C02FFF-38C5-4F73-91F5-93FBD91E3705}.Debug|Any CPU.ActiveCfg = Debug|Any CPU
		{63C02FFF-38C5-4F73-91F5-93FBD91E3705}.Debug|Any CPU.Build.0 = Debug|Any CPU
		{63C02FFF-38C5-4F73-91F5-93FBD91E3705}.Release|Any CPU.ActiveCfg = Release|Any CPU
		{63C02FFF-38C5-4F73-91F5-93FBD91E3705}.Release|Any CPU.Build.0 = Release|Any CPU
		{CEFAC113-5E9D-4274-A177-3E8CFBC53981}.Debug|Any CPU.ActiveCfg = Debug|Any CPU
		{CEFAC113-5E9D-4274-A177-3E8CFBC53981}.Debug|Any CPU.Build.0 = Debug|Any CPU
		{CEFAC113-5E9D-4274-A177-3E8CFBC53981}.Release|Any CPU.ActiveCfg = Release|Any CPU
		{CEFAC113-5E9D-4274-A177-3E8CFBC53981}.Release|Any CPU.Build.0 = Release|Any CPU
	EndGlobalSection
	GlobalSection(SolutionProperties) = preSolution
		HideSolutionNode = FALSE
	EndGlobalSection
	GlobalSection(ExtensibilityGlobals) = postSolution
		SolutionGuid = {C407C04F-0D89-4E9E-80D2-3F5EB2E0601A}
	EndGlobalSection
EndGlobal
